
Microsoft Visual Studio Solution File, Format Version 12.00
# Visual Studio Version 16
VisualStudioVersion = 16.0.29728.190
MinimumVisualStudioVersion = 10.0.40219.1
Project("{FAE04EC0-301F-11D3-BF4B-00C04F79EFBC}") = "BmeRestApi", "BmeRestApi\BmeRestApi.csproj", "{2372C50C-9861-4CED-9517-309E28B5E530}"
EndProject
Global
	GlobalSection(SolutionConfigurationPlatforms) = preSolution
		Debug|Any CPU = Debug|Any CPU
		Release|Any CPU = Release|Any CPU
	EndGlobalSection
	GlobalSection(ProjectConfigurationPlatforms) = postSolution
		{2372C50C-9861-4CED-9517-309E28B5E530}.Debug|Any CPU.ActiveCfg = Debug|Any CPU
		{2372C50C-9861-4CED-9517-309E28B5E530}.Debug|Any CPU.Build.0 = Debug|Any CPU
		{2372C50C-9861-4CED-9517-309E28B5E530}.Release|Any CPU.ActiveCfg = Release|Any CPU
		{2372C50C-9861-4CED-9517-309E28B5E530}.Release|Any CPU.Build.0 = Release|Any CPU
	EndGlobalSection
	GlobalSection(SolutionProperties) = preSolution
		HideSolutionNode = FALSE
	EndGlobalSection
	GlobalSection(ExtensibilityGlobals) = postSolution
		SolutionGuid = {2C1135CD-5644-4457-B453-0336A79F0829}
	EndGlobalSection
EndGlobal
